
Microsoft Visual Studio Solution File, Format Version 12.00
# Visual Studio Version 16
VisualStudioVersion = 16.0.30011.22
MinimumVisualStudioVersion = 10.0.40219.1
Project("{9A19103F-16F7-4668-BE54-9A1E7A4F7556}") = "001_View", "001_View\001_View.csproj", "{3F429F05-5B11-4005-B617-D30F19D3ADF4}"
EndProject
Project("{9A19103F-16F7-4668-BE54-9A1E7A4F7556}") = "002_View add css", "002_View add css\002_View add css.csproj", "{93605F09-0E31-4CF2-9B0B-D8D1FB9F714E}"
EndProject
Project("{9A19103F-16F7-4668-BE54-9A1E7A4F7556}") = "003_View add js", "003_View add js\003_View add js.csproj", "{57949E57-22B5-4670-8374-F28035D8D58C}"
EndProject
Global
	GlobalSection(SolutionConfigurationPlatforms) = preSolution
		Debug|Any CPU = Debug|Any CPU
		Release|Any CPU = Release|Any CPU
	EndGlobalSection
	GlobalSection(ProjectConfigurationPlatforms) = postSolution
		{3F429F05-5B11-4005-B617-D30F19D3ADF4}.Debug|Any CPU.ActiveCfg = Debug|Any CPU
		{3F429F05-5B11-4005-B617-D30F19D3ADF4}.Debug|Any CPU.Build.0 = Debug|Any CPU
		{3F429F05-5B11-4005-B617-D30F19D3ADF4}.Release|Any CPU.ActiveCfg = Release|Any CPU
		{3F429F05-5B11-4005-B617-D30F19D3ADF4}.Release|Any CPU.Build.0 = Release|Any CPU
		{93605F09-0E31-4CF2-9B0B-D8D1FB9F714E}.Debug|Any CPU.ActiveCfg = Debug|Any CPU
		{93605F09-0E31-4CF2-9B0B-D8D1FB9F714E}.Debug|Any CPU.Build.0 = Debug|Any CPU
		{93605F09-0E31-4CF2-9B0B-D8D1FB9F714E}.Release|Any CPU.ActiveCfg = Release|Any CPU
		{93605F09-0E31-4CF2-9B0B-D8D1FB9F714E}.Release|Any CPU.Build.0 = Release|Any CPU
		{57949E57-22B5-4670-8374-F28035D8D58C}.Debug|Any CPU.ActiveCfg = Debug|Any CPU
		{57949E57-22B5-4670-8374-F28035D8D58C}.Debug|Any CPU.Build.0 = Debug|Any CPU
		{57949E57-22B5-4670-8374-F28035D8D58C}.Release|Any CPU.ActiveCfg = Release|Any CPU
		{57949E57-22B5-4670-8374-F28035D8D58C}.Release|Any CPU.Build.0 = Release|Any CPU
	EndGlobalSection
	GlobalSection(SolutionProperties) = preSolution
		HideSolutionNode = FALSE
	EndGlobalSection
	GlobalSection(ExtensibilityGlobals) = postSolution
		SolutionGuid = {97BD55E3-2AA7-45B3-949F-201D27820FD6}
	EndGlobalSection
EndGlobal
